
Microsoft Visual Studio Solution File, Format Version 12.00
# Visual Studio Version 16
VisualStudioVersion = 16.0.30309.148
MinimumVisualStudioVersion = 10.0.40219.1
Project("{FAE04EC0-301F-11D3-BF4B-00C04F79EFBC}") = "SistemWeb", "SistemWeb\SistemWeb.csproj", "{2EC0CE1D-8E96-42A1-9687-650EDCF3E25E}"
EndProject
Global
	GlobalSection(SolutionConfigurationPlatforms) = preSolution
		Debug|Any CPU = Debug|Any CPU
		Debug|x86 = Debug|x86
		Release|Any CPU = Release|Any CPU
		Release|x86 = Release|x86
	EndGlobalSection
	GlobalSection(ProjectConfigurationPlatforms) = postSolution
		{2EC0CE1D-8E96-42A1-9687-650EDCF3E25E}.Debug|Any CPU.ActiveCfg = Debug|Any CPU
		{2EC0CE1D-8E96-42A1-9687-650EDCF3E25E}.Debug|Any CPU.Build.0 = Debug|Any CPU
		{2EC0CE1D-8E96-42A1-9687-650EDCF3E25E}.Debug|x86.ActiveCfg = Debug|Any CPU
		{2EC0CE1D-8E96-42A1-9687-650EDCF3E25E}.Debug|x86.Build.0 = Debug|Any CPU
		{2EC0CE1D-8E96-42A1-9687-650EDCF3E25E}.Release|Any CPU.ActiveCfg = Release|Any CPU
		{2EC0CE1D-8E96-42A1-9687-650EDCF3E25E}.Release|Any CPU.Build.0 = Release|Any CPU
		{2EC0CE1D-8E96-42A1-9687-650EDCF3E25E}.Release|x86.ActiveCfg = Release|Any CPU
		{2EC0CE1D-8E96-42A1-9687-650EDCF3E25E}.Release|x86.Build.0 = Release|Any CPU
	EndGlobalSection
	GlobalSection(SolutionProperties) = preSolution
		HideSolutionNode = FALSE
	EndGlobalSection
	GlobalSection(ExtensibilityGlobals) = postSolution
		SolutionGuid = {47F920A0-726A-4CA2-8EE4-515EF8EDB2AD}
	EndGlobalSection
EndGlobal
